// !$*UTF8*$!
{
	archiveVersion = 1;
	classes = {
	};
	objectVersion = 56;
	objects = {

/* Begin PBXBuildFile section */
		8D07CE0E2C25EFE90093AC3C /* AddBudgetScreen.swift in Sources */ = {isa = PBXBuildFile; fileRef = 8D07CE0D2C25EFE90093AC3C /* AddBudgetScreen.swift */; };
		8D1BFE292C2680E300373265 /* BudgetDetailScreen.swift in Sources */ = {isa = PBXBuildFile; fileRef = 8D1BFE282C2680E300373265 /* BudgetDetailScreen.swift */; };
		8D1BFE2B2C26916900373265 /* String+Extensions.swift in Sources */ = {isa = PBXBuildFile; fileRef = 8D1BFE2A2C26916900373265 /* String+Extensions.swift */; };
		8D1BFE312C269D9D00373265 /* ExpenseTrackerStore.swift in Sources */ = {isa = PBXBuildFile; fileRef = 8D1BFE302C269D9D00373265 /* ExpenseTrackerStore.swift */; };
		8DE1C6A92C24B6A600822A1C /* BudgetAppApp.swift in Sources */ = {isa = PBXBuildFile; fileRef = 8DE1C6A82C24B6A600822A1C /* BudgetAppApp.swift */; };
		8DE1C6AB2C24B6A600822A1C /* BudgetListScreen.swift in Sources */ = {isa = PBXBuildFile; fileRef = 8DE1C6AA2C24B6A600822A1C /* BudgetListScreen.swift */; };
		8DE1C6AD2C24B6A700822A1C /* Assets.xcassets in Resources */ = {isa = PBXBuildFile; fileRef = 8DE1C6AC2C24B6A700822A1C /* Assets.xcassets */; };
		8DE1C6B02C24B6A700822A1C /* Preview Assets.xcassets in Resources */ = {isa = PBXBuildFile; fileRef = 8DE1C6AF2C24B6A700822A1C /* Preview Assets.xcassets */; };
		8DE1C6B82C24B7FC00822A1C /* Auth in Frameworks */ = {isa = PBXBuildFile; productRef = 8DE1C6B72C24B7FC00822A1C /* Auth */; };
		8DE1C6BA2C24B7FC00822A1C /* Functions in Frameworks */ = {isa = PBXBuildFile; productRef = 8DE1C6B92C24B7FC00822A1C /* Functions */; };
		8DE1C6BC2C24B7FC00822A1C /* PostgREST in Frameworks */ = {isa = PBXBuildFile; productRef = 8DE1C6BB2C24B7FC00822A1C /* PostgREST */; };
		8DE1C6BE2C24B7FC00822A1C /* Realtime in Frameworks */ = {isa = PBXBuildFile; productRef = 8DE1C6BD2C24B7FC00822A1C /* Realtime */; };
		8DE1C6C02C24B7FC00822A1C /* Storage in Frameworks */ = {isa = PBXBuildFile; productRef = 8DE1C6BF2C24B7FC00822A1C /* Storage */; };
		8DE1C6C32C24B85600822A1C /* Supabase in Frameworks */ = {isa = PBXBuildFile; productRef = 8DE1C6C22C24B85600822A1C /* Supabase */; };
		8DE1C6C62C24C13600822A1C /* SupabaseEnvironmentKey.swift in Sources */ = {isa = PBXBuildFile; fileRef = 8DE1C6C52C24C13500822A1C /* SupabaseEnvironmentKey.swift */; };
		8DE1C6C92C24C19700822A1C /* SupabaseClient+Extensions.swift in Sources */ = {isa = PBXBuildFile; fileRef = 8DE1C6C82C24C19700822A1C /* SupabaseClient+Extensions.swift */; };
		8DE1C6CC2C24D11C00822A1C /* Budget.swift in Sources */ = {isa = PBXBuildFile; fileRef = 8DE1C6CB2C24D11C00822A1C /* Budget.swift */; };
/* End PBXBuildFile section */

/* Begin PBXFileReference section */
		8D07CE0D2C25EFE90093AC3C /* AddBudgetScreen.swift */ = {isa = PBXFileReference; lastKnownFileType = sourcecode.swift; path = AddBudgetScreen.swift; sourceTree = "<group>"; };
		8D1BFE282C2680E300373265 /* BudgetDetailScreen.swift */ = {isa = PBXFileReference; lastKnownFileType = sourcecode.swift; path = BudgetDetailScreen.swift; sourceTree = "<group>"; };
		8D1BFE2A2C26916900373265 /* String+Extensions.swift */ = {isa = PBXFileReference; lastKnownFileType = sourcecode.swift; path = "String+Extensions.swift"; sourceTree = "<group>"; };
		8D1BFE302C269D9D00373265 /* ExpenseTrackerStore.swift */ = {isa = PBXFileReference; lastKnownFileType = sourcecode.swift; path = ExpenseTrackerStore.swift; sourceTree = "<group>"; };
		8DE1C6A52C24B6A600822A1C /* BudgetApp.app */ = {isa = PBXFileReference; explicitFileType = wrapper.application; includeInIndex = 0; path = BudgetApp.app; sourceTree = BUILT_PRODUCTS_DIR; };
		8DE1C6A82C24B6A600822A1C /* BudgetAppApp.swift */ = {isa = PBXFileReference; lastKnownFileType = sourcecode.swift; path = BudgetAppApp.swift; sourceTree = "<group>"; };
		8DE1C6AA2C24B6A600822A1C /* BudgetListScreen.swift */ = {isa = PBXFileReference; lastKnownFileType = sourcecode.swift; path = BudgetListScreen.swift; sourceTree = "<group>"; };
		8DE1C6AC2C24B6A700822A1C /* Assets.xcassets */ = {isa = PBXFileReference; lastKnownFileType = folder.assetcatalog; path = Assets.xcassets; sourceTree = "<group>"; };
		8DE1C6AF2C24B6A700822A1C /* Preview Assets.xcassets */ = {isa = PBXFileReference; lastKnownFileType = folder.assetcatalog; path = "Preview Assets.xcassets"; sourceTree = "<group>"; };
		8DE1C6C52C24C13500822A1C /* SupabaseEnvironmentKey.swift */ = {isa = PBXFileReference; lastKnownFileType = sourcecode.swift; path = SupabaseEnvironmentKey.swift; sourceTree = "<group>"; };
		8DE1C6C82C24C19700822A1C /* SupabaseClient+Extensions.swift */ = {isa = PBXFileReference; lastKnownFileType = sourcecode.swift; path = "SupabaseClient+Extensions.swift"; sourceTree = "<group>"; };
		8DE1C6CB2C24D11C00822A1C /* Budget.swift */ = {isa = PBXFileReference; lastKnownFileType = sourcecode.swift; path = Budget.swift; sourceTree = "<group>"; };
/* End PBXFileReference section */

/* Begin PBXFrameworksBuildPhase section */
		8DE1C6A22C24B6A600822A1C /* Frameworks */ = {
			isa = PBXFrameworksBuildPhase;
			buildActionMask = 2147483647;
			files = (
				8DE1C6BC2C24B7FC00822A1C /* PostgREST in Frameworks */,
				8DE1C6BA2C24B7FC00822A1C /* Functions in Frameworks */,
				8DE1C6C32C24B85600822A1C /* Supabase in Frameworks */,
				8DE1C6B82C24B7FC00822A1C /* Auth in Frameworks */,
				8DE1C6C02C24B7FC00822A1C /* Storage in Frameworks */,
				8DE1C6BE2C24B7FC00822A1C /* Realtime in Frameworks */,
			);
			runOnlyForDeploymentPostprocessing = 0;
		};
/* End PBXFrameworksBuildPhase section */

/* Begin PBXGroup section */
		8D1BFE322C269DA100373265 /* Stores */ = {
			isa = PBXGroup;
			children = (
				8D1BFE302C269D9D00373265 /* ExpenseTrackerStore.swift */,
			);
			path = Stores;
			sourceTree = "<group>";
		};
		8DE1C69C2C24B6A600822A1C = {
			isa = PBXGroup;
			children = (
				8DE1C6A72C24B6A600822A1C /* BudgetApp */,
				8DE1C6A62C24B6A600822A1C /* Products */,
				8DE1C6C12C24B85600822A1C /* Frameworks */,
			);
			sourceTree = "<group>";
		};
		8DE1C6A62C24B6A600822A1C /* Products */ = {
			isa = PBXGroup;
			children = (
				8DE1C6A52C24B6A600822A1C /* BudgetApp.app */,
			);
			name = Products;
			sourceTree = "<group>";
		};
		8DE1C6A72C24B6A600822A1C /* BudgetApp */ = {
			isa = PBXGroup;
			children = (
				8D1BFE322C269DA100373265 /* Stores */,
				8DE993B72C25D292009066E4 /* Screens */,
				8DE1C6CA2C24D10E00822A1C /* Models */,
				8DE1C6C72C24C18400822A1C /* Extensions */,
				8DE1C6C42C24C10A00822A1C /* Environment Values */,
				8DE1C6A82C24B6A600822A1C /* BudgetAppApp.swift */,
				8DE1C6AC2C24B6A700822A1C /* Assets.xcassets */,
				8DE1C6AE2C24B6A700822A1C /* Preview Content */,
			);
			path = BudgetApp;
			sourceTree = "<group>";
		};
		8DE1C6AE2C24B6A700822A1C /* Preview Content */ = {
			isa = PBXGroup;
			children = (
				8DE1C6AF2C24B6A700822A1C /* Preview Assets.xcassets */,
			);
			path = "Preview Content";
			sourceTree = "<group>";
		};
		8DE1C6C12C24B85600822A1C /* Frameworks */ = {
			isa = PBXGroup;
			children = (
			);
			name = Frameworks;
			sourceTree = "<group>";
		};
		8DE1C6C42C24C10A00822A1C /* Environment Values */ = {
			isa = PBXGroup;
			children = (
				8DE1C6C52C24C13500822A1C /* SupabaseEnvironmentKey.swift */,
			);
			path = "Environment Values";
			sourceTree = "<group>";
		};
		8DE1C6C72C24C18400822A1C /* Extensions */ = {
			isa = PBXGroup;
			children = (
				8DE1C6C82C24C19700822A1C /* SupabaseClient+Extensions.swift */,
				8D1BFE2A2C26916900373265 /* String+Extensions.swift */,
			);
			path = Extensions;
			sourceTree = "<group>";
		};
		8DE1C6CA2C24D10E00822A1C /* Models */ = {
			isa = PBXGroup;
			children = (
				8DE1C6CB2C24D11C00822A1C /* Budget.swift */,
			);
			path = Models;
			sourceTree = "<group>";
		};
		8DE993B72C25D292009066E4 /* Screens */ = {
			isa = PBXGroup;
			children = (
				8DE1C6AA2C24B6A600822A1C /* BudgetListScreen.swift */,
				8D07CE0D2C25EFE90093AC3C /* AddBudgetScreen.swift */,
				8D1BFE282C2680E300373265 /* BudgetDetailScreen.swift */,
			);
			path = Screens;
			sourceTree = "<group>";
		};
/* End PBXGroup section */

/* Begin PBXNativeTarget section */
		8DE1C6A42C24B6A600822A1C /* BudgetApp */ = {
			isa = PBXNativeTarget;
			buildConfigurationList = 8DE1C6B32C24B6A700822A1C /* Build configuration list for PBXNativeTarget "BudgetApp" */;
			buildPhases = (
				8DE1C6A12C24B6A600822A1C /* Sources */,
				8DE1C6A22C24B6A600822A1C /* Frameworks */,
				8DE1C6A32C24B6A600822A1C /* Resources */,
			);
			buildRules = (
			);
			dependencies = (
			);
			name = BudgetApp;
			packageProductDependencies = (
				8DE1C6B72C24B7FC00822A1C /* Auth */,
				8DE1C6B92C24B7FC00822A1C /* Functions */,
				8DE1C6BB2C24B7FC00822A1C /* PostgREST */,
				8DE1C6BD2C24B7FC00822A1C /* Realtime */,
				8DE1C6BF2C24B7FC00822A1C /* Storage */,
				8DE1C6C22C24B85600822A1C /* Supabase */,
			);
			productName = BudgetApp;
			productReference = 8DE1C6A52C24B6A600822A1C /* BudgetApp.app */;
			productType = "com.apple.product-type.application";
		};
/* End PBXNativeTarget section */

/* Begin PBXProject section */
		8DE1C69D2C24B6A600822A1C /* Project object */ = {
			isa = PBXProject;
			attributes = {
				BuildIndependentTargetsInParallel = 1;
				LastSwiftUpdateCheck = 1540;
				LastUpgradeCheck = 1540;
				TargetAttributes = {
					8DE1C6A42C24B6A600822A1C = {
						CreatedOnToolsVersion = 15.4;
					};
				};
			};
			buildConfigurationList = 8DE1C6A02C24B6A600822A1C /* Build configuration list for PBXProject "BudgetApp" */;
			compatibilityVersion = "Xcode 14.0";
			developmentRegion = en;
			hasScannedForEncodings = 0;
			knownRegions = (
				en,
				Base,
			);
			mainGroup = 8DE1C69C2C24B6A600822A1C;
			packageReferences = (
				8DE1C6B62C24B7FC00822A1C /* XCRemoteSwiftPackageReference "supabase-swift" */,
			);
			productRefGroup = 8DE1C6A62C24B6A600822A1C /* Products */;
			projectDirPath = "";
			projectRoot = "";
			targets = (
				8DE1C6A42C24B6A600822A1C /* BudgetApp */,
			);
		};
/* End PBXProject section */

/* Begin PBXResourcesBuildPhase section */
		8DE1C6A32C24B6A600822A1C /* Resources */ = {
			isa = PBXResourcesBuildPhase;
			buildActionMask = 2147483647;
			files = (
				8DE1C6B02C24B6A700822A1C /* Preview Assets.xcassets in Resources */,
				8DE1C6AD2C24B6A700822A1C /* Assets.xcassets in Resources */,
			);
			runOnlyForDeploymentPostprocessing = 0;
		};
/* End PBXResourcesBuildPhase section */

/* Begin PBXSourcesBuildPhase section */
		8DE1C6A12C24B6A600822A1C /* Sources */ = {
			isa = PBXSourcesBuildPhase;
			buildActionMask = 2147483647;
			files = (
				8D1BFE312C269D9D00373265 /* ExpenseTrackerStore.swift in Sources */,
				8D07CE0E2C25EFE90093AC3C /* AddBudgetScreen.swift in Sources */,
				8DE1C6C92C24C19700822A1C /* SupabaseClient+Extensions.swift in Sources */,
				8DE1C6AB2C24B6A600822A1C /* BudgetListScreen.swift in Sources */,
				8DE1C6CC2C24D11C00822A1C /* Budget.swift in Sources */,
				8D1BFE2B2C26916900373265 /* String+Extensions.swift in Sources */,
				8D1BFE292C2680E300373265 /* BudgetDetailScreen.swift in Sources */,
				8DE1C6A92C24B6A600822A1C /* BudgetAppApp.swift in Sources */,
				8DE1C6C62C24C13600822A1C /* SupabaseEnvironmentKey.swift in Sources */,
			);
			runOnlyForDeploymentPostprocessing = 0;
		};
/* End PBXSourcesBuildPhase section */

/* Begin XCBuildConfiguration section */
		8DE1C6B12C24B6A700822A1C /* Debug */ = {
			isa = XCBuildConfiguration;
			buildSettings = {
				ALWAYS_SEARCH_USER_PATHS = NO;
				ASSETCATALOG_COMPILER_GENERATE_SWIFT_ASSET_SYMBOL_EXTENSIONS = YES;
				CLANG_ANALYZER_NONNULL = YES;
				CLANG_ANALYZER_NUMBER_OBJECT_CONVERSION = YES_AGGRESSIVE;
				CLANG_CXX_LANGUAGE_STANDARD = "gnu++20";
				CLANG_ENABLE_MODULES = YES;
				CLANG_ENABLE_OBJC_ARC = YES;
				CLANG_ENABLE_OBJC_WEAK = YES;
				CLANG_WARN_BLOCK_CAPTURE_AUTORELEASING = YES;
				CLANG_WARN_BOOL_CONVERSION = YES;
				CLANG_WARN_COMMA = YES;
				CLANG_WARN_CONSTANT_CONVERSION = YES;
				CLANG_WARN_DEPRECATED_OBJC_IMPLEMENTATIONS = YES;
				CLANG_WARN_DIRECT_OBJC_ISA_USAGE = YES_ERROR;
				CLANG_WARN_DOCUMENTATION_COMMENTS = YES;
				CLANG_WARN_EMPTY_BODY = YES;
				CLANG_WARN_ENUM_CONVERSION = YES;
				CLANG_WARN_INFINITE_RECURSION = YES;
				CLANG_WARN_INT_CONVERSION = YES;
				CLANG_WARN_NON_LITERAL_NULL_CONVERSION = YES;
				CLANG_WARN_OBJC_IMPLICIT_RETAIN_SELF = YES;
				CLANG_WARN_OBJC_LITERAL_CONVERSION = YES;
				CLANG_WARN_OBJC_ROOT_CLASS = YES_ERROR;
				CLANG_WARN_QUOTED_INCLUDE_IN_FRAMEWORK_HEADER = YES;
				CLANG_WARN_RANGE_LOOP_ANALYSIS = YES;
				CLANG_WARN_STRICT_PROTOTYPES = YES;
				CLANG_WARN_SUSPICIOUS_MOVE = YES;
				CLANG_WARN_UNGUARDED_AVAILABILITY = YES_AGGRESSIVE;
				CLANG_WARN_UNREACHABLE_CODE = YES;
				CLANG_WARN__DUPLICATE_METHOD_MATCH = YES;
				COPY_PHASE_STRIP = NO;
				DEBUG_INFORMATION_FORMAT = dwarf;
				ENABLE_STRICT_OBJC_MSGSEND = YES;
				ENABLE_TESTABILITY = YES;
				ENABLE_USER_SCRIPT_SANDBOXING = YES;
				GCC_C_LANGUAGE_STANDARD = gnu17;
				GCC_DYNAMIC_NO_PIC = NO;
				GCC_NO_COMMON_BLOCKS = YES;
				GCC_OPTIMIZATION_LEVEL = 0;
				GCC_PREPROCESSOR_DEFINITIONS = (
					"DEBUG=1",
					"$(inherited)",
				);
				GCC_WARN_64_TO_32_BIT_CONVERSION = YES;
				GCC_WARN_ABOUT_RETURN_TYPE = YES_ERROR;
				GCC_WARN_UNDECLARED_SELECTOR = YES;
				GCC_WARN_UNINITIALIZED_AUTOS = YES_AGGRESSIVE;
				GCC_WARN_UNUSED_FUNCTION = YES;
				GCC_WARN_UNUSED_VARIABLE = YES;
				IPHONEOS_DEPLOYMENT_TARGET = 17.5;
				LOCALIZATION_PREFERS_STRING_CATALOGS = YES;
				MTL_ENABLE_DEBUG_INFO = INCLUDE_SOURCE;
				MTL_FAST_MATH = YES;
				ONLY_ACTIVE_ARCH = YES;
				SDKROOT = iphoneos;
				SWIFT_ACTIVE_COMPILATION_CONDITIONS = "DEBUG $(inherited)";
				SWIFT_OPTIMIZATION_LEVEL = "-Onone";
			};
			name = Debug;
		};
		8DE1C6B22C24B6A700822A1C /* Release */ = {
			isa = XCBuildConfiguration;
			buildSettings = {
				ALWAYS_SEARCH_USER_PATHS = NO;
				ASSETCATALOG_COMPILER_GENERATE_SWIFT_ASSET_SYMBOL_EXTENSIONS = YES;
				CLANG_ANALYZER_NONNULL = YES;
				CLANG_ANALYZER_NUMBER_OBJECT_CONVERSION = YES_AGGRESSIVE;
				CLANG_CXX_LANGUAGE_STANDARD = "gnu++20";
				CLANG_ENABLE_MODULES = YES;
				CLANG_ENABLE_OBJC_ARC = YES;
				CLANG_ENABLE_OBJC_WEAK = YES;
				CLANG_WARN_BLOCK_CAPTURE_AUTORELEASING = YES;
				CLANG_WARN_BOOL_CONVERSION = YES;
				CLANG_WARN_COMMA = YES;
				CLANG_WARN_CONSTANT_CONVERSION = YES;
				CLANG_WARN_DEPRECATED_OBJC_IMPLEMENTATIONS = YES;
				CLANG_WARN_DIRECT_OBJC_ISA_USAGE = YES_ERROR;
				CLANG_WARN_DOCUMENTATION_COMMENTS = YES;
				CLANG_WARN_EMPTY_BODY = YES;
				CLANG_WARN_ENUM_CONVERSION = YES;
				CLANG_WARN_INFINITE_RECURSION = YES;
				CLANG_WARN_INT_CONVERSION = YES;
				CLANG_WARN_NON_LITERAL_NULL_CONVERSION = YES;
				CLANG_WARN_OBJC_IMPLICIT_RETAIN_SELF = YES;
				CLANG_WARN_OBJC_LITERAL_CONVERSION = YES;
				CLANG_WARN_OBJC_ROOT_CLASS = YES_ERROR;
				CLANG_WARN_QUOTED_INCLUDE_IN_FRAMEWORK_HEADER = YES;
				CLANG_WARN_RANGE_LOOP_ANALYSIS = YES;
				CLANG_WARN_STRICT_PROTOTYPES = YES;
				CLANG_WARN_SUSPICIOUS_MOVE = YES;
				CLANG_WARN_UNGUARDED_AVAILABILITY = YES_AGGRESSIVE;
				CLANG_WARN_UNREACHABLE_CODE = YES;
				CLANG_WARN__DUPLICATE_METHOD_MATCH = YES;
				COPY_PHASE_STRIP = NO;
				DEBUG_INFORMATION_FORMAT = "dwarf-with-dsym";
				ENABLE_NS_ASSERTIONS = NO;
				ENABLE_STRICT_OBJC_MSGSEND = YES;
				ENABLE_USER_SCRIPT_SANDBOXING = YES;
				GCC_C_LANGUAGE_STANDARD = gnu17;
				GCC_NO_COMMON_BLOCKS = YES;
				GCC_WARN_64_TO_32_BIT_CONVERSION = YES;
				GCC_WARN_ABOUT_RETURN_TYPE = YES_ERROR;
				GCC_WARN_UNDECLARED_SELECTOR = YES;
				GCC_WARN_UNINITIALIZED_AUTOS = YES_AGGRESSIVE;
				GCC_WARN_UNUSED_FUNCTION = YES;
				GCC_WARN_UNUSED_VARIABLE = YES;
				IPHONEOS_DEPLOYMENT_TARGET = 17.5;
				LOCALIZATION_PREFERS_STRING_CATALOGS = YES;
				MTL_ENABLE_DEBUG_INFO = NO;
				MTL_FAST_MATH = YES;
				SDKROOT = iphoneos;
				SWIFT_COMPILATION_MODE = wholemodule;
				VALIDATE_PRODUCT = YES;
			};
			name = Release;
		};
		8DE1C6B42C24B6A700822A1C /* Debug */ = {
			isa = XCBuildConfiguration;
			buildSettings = {
				ASSETCATALOG_COMPILER_APPICON_NAME = AppIcon;
				ASSETCATALOG_COMPILER_GLOBAL_ACCENT_COLOR_NAME = AccentColor;
				CODE_SIGN_STYLE = Automatic;
				CURRENT_PROJECT_VERSION = 1;
				DEVELOPMENT_ASSET_PATHS = "\"BudgetApp/Preview Content\"";
				DEVELOPMENT_TEAM = B2Q8EGNCQA;
				ENABLE_PREVIEWS = YES;
				GENERATE_INFOPLIST_FILE = YES;
				INFOPLIST_KEY_UIApplicationSceneManifest_Generation = YES;
				INFOPLIST_KEY_UIApplicationSupportsIndirectInputEvents = YES;
				INFOPLIST_KEY_UILaunchScreen_Generation = YES;
				INFOPLIST_KEY_UISupportedInterfaceOrientations_iPad = "UIInterfaceOrientationPortrait UIInterfaceOrientationPortraitUpsideDown UIInterfaceOrientationLandscapeLeft UIInterfaceOrientationLandscapeRight";
				INFOPLIST_KEY_UISupportedInterfaceOrientations_iPhone = "UIInterfaceOrientationPortrait UIInterfaceOrientationLandscapeLeft UIInterfaceOrientationLandscapeRight";
				LD_RUNPATH_SEARCH_PATHS = (
					"$(inherited)",
					"@executable_path/Frameworks",
				);
				MARKETING_VERSION = 1.0;
				PRODUCT_BUNDLE_IDENTIFIER = com.azamsharp.BudgetApp;
				PRODUCT_NAME = "$(TARGET_NAME)";
				SWIFT_EMIT_LOC_STRINGS = YES;
				SWIFT_VERSION = 5.0;
				TARGETED_DEVICE_FAMILY = "1,2";
			};
			name = Debug;
		};
		8DE1C6B52C24B6A700822A1C /* Release */ = {
			isa = XCBuildConfiguration;
			buildSettings = {
				ASSETCATALOG_COMPILER_APPICON_NAME = AppIcon;
				ASSETCATALOG_COMPILER_GLOBAL_ACCENT_COLOR_NAME = AccentColor;
				CODE_SIGN_STYLE = Automatic;
				CURRENT_PROJECT_VERSION = 1;
				DEVELOPMENT_ASSET_PATHS = "\"BudgetApp/Preview Content\"";
				DEVELOPMENT_TEAM = B2Q8EGNCQA;
				ENABLE_PREVIEWS = YES;
				GENERATE_INFOPLIST_FILE = YES;
				INFOPLIST_KEY_UIApplicationSceneManifest_Generation = YES;
				INFOPLIST_KEY_UIApplicationSupportsIndirectInputEvents = YES;
				INFOPLIST_KEY_UILaunchScreen_Generation = YES;
				INFOPLIST_KEY_UISupportedInterfaceOrientations_iPad = "UIInterfaceOrientationPortrait UIInterfaceOrientationPortraitUpsideDown UIInterfaceOrientationLandscapeLeft UIInterfaceOrientationLandscapeRight";
				INFOPLIST_KEY_UISupportedInterfaceOrientations_iPhone = "UIInterfaceOrientationPortrait UIInterfaceOrientationLandscapeLeft UIInterfaceOrientationLandscapeRight";
				LD_RUNPATH_SEARCH_PATHS = (
					"$(inherited)",
					"@executable_path/Frameworks",
				);
				MARKETING_VERSION = 1.0;
				PRODUCT_BUNDLE_IDENTIFIER = com.azamsharp.BudgetApp;
				PRODUCT_NAME = "$(TARGET_NAME)";
				SWIFT_EMIT_LOC_STRINGS = YES;
				SWIFT_VERSION = 5.0;
				TARGETED_DEVICE_FAMILY = "1,2";
			};
			name = Release;
		};
/* End XCBuildConfiguration section */

/* Begin XCConfigurationList section */
		8DE1C6A02C24B6A600822A1C /* Build configuration list for PBXProject "BudgetApp" */ = {
			isa = XCConfigurationList;
			buildConfigurations = (
				8DE1C6B12C24B6A700822A1C /* Debug */,
				8DE1C6B22C24B6A700822A1C /* Release */,
			);
			defaultConfigurationIsVisible = 0;
			defaultConfigurationName = Release;
		};
		8DE1C6B32C24B6A700822A1C /* Build configuration list for PBXNativeTarget "BudgetApp" */ = {
			isa = XCConfigurationList;
			buildConfigurations = (
				8DE1C6B42C24B6A700822A1C /* Debug */,
				8DE1C6B52C24B6A700822A1C /* Release */,
			);
			defaultConfigurationIsVisible = 0;
			defaultConfigurationName = Release;
		};
/* End XCConfigurationList section */

/* Begin XCRemoteSwiftPackageReference section */
		8DE1C6B62C24B7FC00822A1C /* XCRemoteSwiftPackageReference "supabase-swift" */ = {
			isa = XCRemoteSwiftPackageReference;
			repositoryURL = "https://github.com/supabase/supabase-swift.git";
			requirement = {
				kind = upToNextMajorVersion;
				minimumVersion = 2.5.1;
			};
		};
/* End XCRemoteSwiftPackageReference section */

/* Begin XCSwiftPackageProductDependency section */
		8DE1C6B72C24B7FC00822A1C /* Auth */ = {
			isa = XCSwiftPackageProductDependency;
			package = 8DE1C6B62C24B7FC00822A1C /* XCRemoteSwiftPackageReference "supabase-swift" */;
			productName = Auth;
		};
		8DE1C6B92C24B7FC00822A1C /* Functions */ = {
			isa = XCSwiftPackageProductDependency;
			package = 8DE1C6B62C24B7FC00822A1C /* XCRemoteSwiftPackageReference "supabase-swift" */;
			productName = Functions;
		};
		8DE1C6BB2C24B7FC00822A1C /* PostgREST */ = {
			isa = XCSwiftPackageProductDependency;
			package = 8DE1C6B62C24B7FC00822A1C /* XCRemoteSwiftPackageReference "supabase-swift" */;
			productName = PostgREST;
		};
		8DE1C6BD2C24B7FC00822A1C /* Realtime */ = {
			isa = XCSwiftPackageProductDependency;
			package = 8DE1C6B62C24B7FC00822A1C /* XCRemoteSwiftPackageReference "supabase-swift" */;
			productName = Realtime;
		};
		8DE1C6BF2C24B7FC00822A1C /* Storage */ = {
			isa = XCSwiftPackageProductDependency;
			package = 8DE1C6B62C24B7FC00822A1C /* XCRemoteSwiftPackageReference "supabase-swift" */;
			productName = Storage;
		};
		8DE1C6C22C24B85600822A1C /* Supabase */ = {
			isa = XCSwiftPackageProductDependency;
			package = 8DE1C6B62C24B7FC00822A1C /* XCRemoteSwiftPackageReference "supabase-swift" */;
			productName = Supabase;
		};
/* End XCSwiftPackageProductDependency section */
	};
	rootObject = 8DE1C69D2C24B6A600822A1C /* Project object */;
}
